
Microsoft Visual Studio Solution File, Format Version 12.00
# Visual Studio Version 17
VisualStudioVersion = 17.4.33205.214
MinimumVisualStudioVersion = 10.0.40219.1
Project("{9A19103F-16F7-4668-BE54-9A1E7A4F7556}") = "MatchStat.DataModel", "MatchStat.DataModel\MatchStat.DataModel.csproj", "{55F45019-4209-4EB2-8BF7-EB9210EE1054}"
EndProject
Project("{9A19103F-16F7-4668-BE54-9A1E7A4F7556}") = "MatchStat.UI", "MatchStat.UI\MatchStat.UI.csproj", "{66851FAA-A8D7-48FC-B0CB-9A54590520EE}"
EndProject
Project("{FAE04EC0-301F-11D3-BF4B-00C04F79EFBC}") = "MatchStat.Core", "MatchStat.Core\MatchStat.Core.csproj", "{C9C152BE-4A6B-40A9-8165-75835C48D2FE}"
EndProject
Global
	GlobalSection(SolutionConfigurationPlatforms) = preSolution
		Debug|Any CPU = Debug|Any CPU
		Release|Any CPU = Release|Any CPU
	EndGlobalSection
	GlobalSection(ProjectConfigurationPlatforms) = postSolution
		{55F45019-4209-4EB2-8BF7-EB9210EE1054}.Debug|Any CPU.ActiveCfg = Debug|Any CPU
		{55F45019-4209-4EB2-8BF7-EB9210EE1054}.Debug|Any CPU.Build.0 = Debug|Any CPU
		{55F45019-4209-4EB2-8BF7-EB9210EE1054}.Release|Any CPU.ActiveCfg = Release|Any CPU
		{55F45019-4209-4EB2-8BF7-EB9210EE1054}.Release|Any CPU.Build.0 = Release|Any CPU
		{66851FAA-A8D7-48FC-B0CB-9A54590520EE}.Debug|Any CPU.ActiveCfg = Debug|Any CPU
		{66851FAA-A8D7-48FC-B0CB-9A54590520EE}.Debug|Any CPU.Build.0 = Debug|Any CPU
		{66851FAA-A8D7-48FC-B0CB-9A54590520EE}.Release|Any CPU.ActiveCfg = Release|Any CPU
		{66851FAA-A8D7-48FC-B0CB-9A54590520EE}.Release|Any CPU.Build.0 = Release|Any CPU
		{C9C152BE-4A6B-40A9-8165-75835C48D2FE}.Debug|Any CPU.ActiveCfg = Debug|Any CPU
		{C9C152BE-4A6B-40A9-8165-75835C48D2FE}.Debug|Any CPU.Build.0 = Debug|Any CPU
		{C9C152BE-4A6B-40A9-8165-75835C48D2FE}.Release|Any CPU.ActiveCfg = Release|Any CPU
		{C9C152BE-4A6B-40A9-8165-75835C48D2FE}.Release|Any CPU.Build.0 = Release|Any CPU
	EndGlobalSection
	GlobalSection(SolutionProperties) = preSolution
		HideSolutionNode = FALSE
	EndGlobalSection
	GlobalSection(ExtensibilityGlobals) = postSolution
		SolutionGuid = {ADEC1B60-4E7E-4393-8B96-A2B4E5B4A144}
	EndGlobalSection
EndGlobal
