
Microsoft Visual Studio Solution File, Format Version 12.00
# Visual Studio Version 17
VisualStudioVersion = 17.4.33205.214
MinimumVisualStudioVersion = 10.0.40219.1
Project("{9A19103F-16F7-4668-BE54-9A1E7A4F7556}") = "MatchStat.UI", "MatchStat.UI\MatchStat.UI.csproj", "{66851FAA-A8D7-48FC-B0CB-9A54590520EE}"
EndProject
Project("{9A19103F-16F7-4668-BE54-9A1E7A4F7556}") = "MatchStat.Core", "MatchStat.Core\MatchStat.Core.csproj", "{C9C152BE-4A6B-40A9-8165-75835C48D2FE}"
EndProject
Project("{9A19103F-16F7-4668-BE54-9A1E7A4F7556}") = "MatchStat.Repositories", "MatchStat.Repositories\MatchStat.Repositories.csproj", "{84066AD5-C476-4484-B172-39C1FBE45E88}"
EndProject
Project("{9A19103F-16F7-4668-BE54-9A1E7A4F7556}") = "MatchStat.Database", "MatchStat.Database\MatchStat.Database.csproj", "{8B639F7A-5AD3-40CE-88AC-2628860D147F}"
EndProject
Project("{9A19103F-16F7-4668-BE54-9A1E7A4F7556}") = "MatchStat.DataModel", "MatchStat.DataModel\MatchStat.DataModel.csproj", "{F51F2F10-22BD-4ED1-A990-3E7303515828}"
EndProject
Project("{9A19103F-16F7-4668-BE54-9A1E7A4F7556}") = "MatchStat.Interfaces", "MatchStat.Interfaces\MatchStat.Interfaces.csproj", "{3EF31A3C-48D7-4A51-8306-08FE5F5383C6}"
EndProject
Project("{9A19103F-16F7-4668-BE54-9A1E7A4F7556}") = "Test", "Test\Test.csproj", "{254BFC21-60AE-4C6A-9489-ED28F6360C08}"
EndProject
Project("{9A19103F-16F7-4668-BE54-9A1E7A4F7556}") = "DependencyInjector", "DependencyInjector\DependencyInjector.csproj", "{3B67232D-559E-4AE6-9063-3359F2D096CD}"
EndProject
Project("{9A19103F-16F7-4668-BE54-9A1E7A4F7556}") = "MatchStat.MyEventArguments", "MatchStat.MyEventArguments\MatchStat.MyEventArguments.csproj", "{FD91F61E-B113-4E45-AEBB-094A61F60E74}"
EndProject
Project("{9A19103F-16F7-4668-BE54-9A1E7A4F7556}") = "MatchStat.UCRuntimeFunction", "MatchStat.UCRuntimeFunction\MatchStat.UCRuntimeFunction.csproj", "{57731E0D-D22C-40D8-BD14-620ACA9C2323}"
EndProject
Project("{FAE04EC0-301F-11D3-BF4B-00C04F79EFBC}") = "MatchStat.Presentation", "MatchStat.Presentation\MatchStat.Presentation.csproj", "{E71AC5D0-870D-4299-A7B4-E8439939A290}"
EndProject
Global
	GlobalSection(SolutionConfigurationPlatforms) = preSolution
		Debug|Any CPU = Debug|Any CPU
		Release|Any CPU = Release|Any CPU
	EndGlobalSection
	GlobalSection(ProjectConfigurationPlatforms) = postSolution
		{66851FAA-A8D7-48FC-B0CB-9A54590520EE}.Debug|Any CPU.ActiveCfg = Debug|Any CPU
		{66851FAA-A8D7-48FC-B0CB-9A54590520EE}.Debug|Any CPU.Build.0 = Debug|Any CPU
		{66851FAA-A8D7-48FC-B0CB-9A54590520EE}.Release|Any CPU.ActiveCfg = Release|Any CPU
		{66851FAA-A8D7-48FC-B0CB-9A54590520EE}.Release|Any CPU.Build.0 = Release|Any CPU
		{C9C152BE-4A6B-40A9-8165-75835C48D2FE}.Debug|Any CPU.ActiveCfg = Debug|Any CPU
		{C9C152BE-4A6B-40A9-8165-75835C48D2FE}.Debug|Any CPU.Build.0 = Debug|Any CPU
		{C9C152BE-4A6B-40A9-8165-75835C48D2FE}.Release|Any CPU.ActiveCfg = Release|Any CPU
		{C9C152BE-4A6B-40A9-8165-75835C48D2FE}.Release|Any CPU.Build.0 = Release|Any CPU
		{84066AD5-C476-4484-B172-39C1FBE45E88}.Debug|Any CPU.ActiveCfg = Debug|Any CPU
		{84066AD5-C476-4484-B172-39C1FBE45E88}.Debug|Any CPU.Build.0 = Debug|Any CPU
		{84066AD5-C476-4484-B172-39C1FBE45E88}.Release|Any CPU.ActiveCfg = Release|Any CPU
		{84066AD5-C476-4484-B172-39C1FBE45E88}.Release|Any CPU.Build.0 = Release|Any CPU
		{8B639F7A-5AD3-40CE-88AC-2628860D147F}.Debug|Any CPU.ActiveCfg = Debug|Any CPU
		{8B639F7A-5AD3-40CE-88AC-2628860D147F}.Debug|Any CPU.Build.0 = Debug|Any CPU
		{8B639F7A-5AD3-40CE-88AC-2628860D147F}.Release|Any CPU.ActiveCfg = Release|Any CPU
		{8B639F7A-5AD3-40CE-88AC-2628860D147F}.Release|Any CPU.Build.0 = Release|Any CPU
		{F51F2F10-22BD-4ED1-A990-3E7303515828}.Debug|Any CPU.ActiveCfg = Debug|Any CPU
		{F51F2F10-22BD-4ED1-A990-3E7303515828}.Debug|Any CPU.Build.0 = Debug|Any CPU
		{F51F2F10-22BD-4ED1-A990-3E7303515828}.Release|Any CPU.ActiveCfg = Release|Any CPU
		{F51F2F10-22BD-4ED1-A990-3E7303515828}.Release|Any CPU.Build.0 = Release|Any CPU
		{3EF31A3C-48D7-4A51-8306-08FE5F5383C6}.Debug|Any CPU.ActiveCfg = Debug|Any CPU
		{3EF31A3C-48D7-4A51-8306-08FE5F5383C6}.Debug|Any CPU.Build.0 = Debug|Any CPU
		{3EF31A3C-48D7-4A51-8306-08FE5F5383C6}.Release|Any CPU.ActiveCfg = Release|Any CPU
		{3EF31A3C-48D7-4A51-8306-08FE5F5383C6}.Release|Any CPU.Build.0 = Release|Any CPU
		{254BFC21-60AE-4C6A-9489-ED28F6360C08}.Debug|Any CPU.ActiveCfg = Debug|Any CPU
		{254BFC21-60AE-4C6A-9489-ED28F6360C08}.Debug|Any CPU.Build.0 = Debug|Any CPU
		{254BFC21-60AE-4C6A-9489-ED28F6360C08}.Release|Any CPU.ActiveCfg = Release|Any CPU
		{254BFC21-60AE-4C6A-9489-ED28F6360C08}.Release|Any CPU.Build.0 = Release|Any CPU
		{3B67232D-559E-4AE6-9063-3359F2D096CD}.Debug|Any CPU.ActiveCfg = Debug|Any CPU
		{3B67232D-559E-4AE6-9063-3359F2D096CD}.Debug|Any CPU.Build.0 = Debug|Any CPU
		{3B67232D-559E-4AE6-9063-3359F2D096CD}.Release|Any CPU.ActiveCfg = Release|Any CPU
		{3B67232D-559E-4AE6-9063-3359F2D096CD}.Release|Any CPU.Build.0 = Release|Any CPU
		{FD91F61E-B113-4E45-AEBB-094A61F60E74}.Debug|Any CPU.ActiveCfg = Debug|Any CPU
		{FD91F61E-B113-4E45-AEBB-094A61F60E74}.Debug|Any CPU.Build.0 = Debug|Any CPU
		{FD91F61E-B113-4E45-AEBB-094A61F60E74}.Release|Any CPU.ActiveCfg = Release|Any CPU
		{FD91F61E-B113-4E45-AEBB-094A61F60E74}.Release|Any CPU.Build.0 = Release|Any CPU
		{57731E0D-D22C-40D8-BD14-620ACA9C2323}.Debug|Any CPU.ActiveCfg = Debug|Any CPU
		{57731E0D-D22C-40D8-BD14-620ACA9C2323}.Debug|Any CPU.Build.0 = Debug|Any CPU
		{57731E0D-D22C-40D8-BD14-620ACA9C2323}.Release|Any CPU.ActiveCfg = Release|Any CPU
		{57731E0D-D22C-40D8-BD14-620ACA9C2323}.Release|Any CPU.Build.0 = Release|Any CPU
		{E71AC5D0-870D-4299-A7B4-E8439939A290}.Debug|Any CPU.ActiveCfg = Debug|Any CPU
		{E71AC5D0-870D-4299-A7B4-E8439939A290}.Debug|Any CPU.Build.0 = Debug|Any CPU
		{E71AC5D0-870D-4299-A7B4-E8439939A290}.Release|Any CPU.ActiveCfg = Release|Any CPU
		{E71AC5D0-870D-4299-A7B4-E8439939A290}.Release|Any CPU.Build.0 = Release|Any CPU
	EndGlobalSection
	GlobalSection(SolutionProperties) = preSolution
		HideSolutionNode = FALSE
	EndGlobalSection
	GlobalSection(ExtensibilityGlobals) = postSolution
		SolutionGuid = {ADEC1B60-4E7E-4393-8B96-A2B4E5B4A144}
	EndGlobalSection
EndGlobal
